
Microsoft Visual Studio Solution File, Format Version 12.00
# Visual Studio Version 16
VisualStudioVersion = 16.0.30114.105
MinimumVisualStudioVersion = 10.0.40219.1
Project("{2150E333-8FDC-42A3-9474-1A3956D46DE8}") = "tests", "tests", "{1AE6E467-0686-40BC-B6CF-2C3CA1D59A2C}"
EndProject
Project("{FAE04EC0-301F-11D3-BF4B-00C04F79EFBC}") = "ToyRobotLibrary.Tests", "tests\ToyRobotLibrary.Tests\ToyRobotLibrary.Tests.csproj", "{290B05BF-059E-4DD6-99B1-8D703886A625}"
EndProject
Project("{2150E333-8FDC-42A3-9474-1A3956D46DE8}") = "src", "src", "{9CA6AAAB-B8AE-4554-A327-001116AC032F}"
EndProject
Project("{FAE04EC0-301F-11D3-BF4B-00C04F79EFBC}") = "ToyRobotLibrary", "src\ToyRobotLibrary\ToyRobotLibrary.csproj", "{02983F6B-E455-4E0D-AF3B-D896C8D6032C}"
EndProject
Global
	GlobalSection(SolutionConfigurationPlatforms) = preSolution
		Debug|Any CPU = Debug|Any CPU
		Debug|x64 = Debug|x64
		Debug|x86 = Debug|x86
		Release|Any CPU = Release|Any CPU
		Release|x64 = Release|x64
		Release|x86 = Release|x86
	EndGlobalSection
	GlobalSection(SolutionProperties) = preSolution
		HideSolutionNode = FALSE
	EndGlobalSection
	GlobalSection(ProjectConfigurationPlatforms) = postSolution
		{290B05BF-059E-4DD6-99B1-8D703886A625}.Debug|Any CPU.ActiveCfg = Debug|Any CPU
		{290B05BF-059E-4DD6-99B1-8D703886A625}.Debug|Any CPU.Build.0 = Debug|Any CPU
		{290B05BF-059E-4DD6-99B1-8D703886A625}.Debug|x64.ActiveCfg = Debug|Any CPU
		{290B05BF-059E-4DD6-99B1-8D703886A625}.Debug|x64.Build.0 = Debug|Any CPU
		{290B05BF-059E-4DD6-99B1-8D703886A625}.Debug|x86.ActiveCfg = Debug|Any CPU
		{290B05BF-059E-4DD6-99B1-8D703886A625}.Debug|x86.Build.0 = Debug|Any CPU
		{290B05BF-059E-4DD6-99B1-8D703886A625}.Release|Any CPU.ActiveCfg = Release|Any CPU
		{290B05BF-059E-4DD6-99B1-8D703886A625}.Release|Any CPU.Build.0 = Release|Any CPU
		{290B05BF-059E-4DD6-99B1-8D703886A625}.Release|x64.ActiveCfg = Release|Any CPU
		{290B05BF-059E-4DD6-99B1-8D703886A625}.Release|x64.Build.0 = Release|Any CPU
		{290B05BF-059E-4DD6-99B1-8D703886A625}.Release|x86.ActiveCfg = Release|Any CPU
		{290B05BF-059E-4DD6-99B1-8D703886A625}.Release|x86.Build.0 = Release|Any CPU
		{02983F6B-E455-4E0D-AF3B-D896C8D6032C}.Debug|Any CPU.ActiveCfg = Debug|Any CPU
		{02983F6B-E455-4E0D-AF3B-D896C8D6032C}.Debug|Any CPU.Build.0 = Debug|Any CPU
		{02983F6B-E455-4E0D-AF3B-D896C8D6032C}.Debug|x64.ActiveCfg = Debug|Any CPU
		{02983F6B-E455-4E0D-AF3B-D896C8D6032C}.Debug|x64.Build.0 = Debug|Any CPU
		{02983F6B-E455-4E0D-AF3B-D896C8D6032C}.Debug|x86.ActiveCfg = Debug|Any CPU
		{02983F6B-E455-4E0D-AF3B-D896C8D6032C}.Debug|x86.Build.0 = Debug|Any CPU
		{02983F6B-E455-4E0D-AF3B-D896C8D6032C}.Release|Any CPU.ActiveCfg = Release|Any CPU
		{02983F6B-E455-4E0D-AF3B-D896C8D6032C}.Release|Any CPU.Build.0 = Release|Any CPU
		{02983F6B-E455-4E0D-AF3B-D896C8D6032C}.Release|x64.ActiveCfg = Release|Any CPU
		{02983F6B-E455-4E0D-AF3B-D896C8D6032C}.Release|x64.Build.0 = Release|Any CPU
		{02983F6B-E455-4E0D-AF3B-D896C8D6032C}.Release|x86.ActiveCfg = Release|Any CPU
		{02983F6B-E455-4E0D-AF3B-D896C8D6032C}.Release|x86.Build.0 = Release|Any CPU
	EndGlobalSection
	GlobalSection(NestedProjects) = preSolution
		{290B05BF-059E-4DD6-99B1-8D703886A625} = {1AE6E467-0686-40BC-B6CF-2C3CA1D59A2C}
		{02983F6B-E455-4E0D-AF3B-D896C8D6032C} = {9CA6AAAB-B8AE-4554-A327-001116AC032F}
	EndGlobalSection
EndGlobal
